
Microsoft Visual Studio Solution File, Format Version 12.00
# Visual Studio Version 17
VisualStudioVersion = 17.8.34330.188
MinimumVisualStudioVersion = 10.0.40219.1
Project("{FAE04EC0-301F-11D3-BF4B-00C04F79EFBC}") = "Greenspaces_Finder.Server", "Server\Greenspaces_Finder.Server.csproj", "{AD6AC6DC-1484-48EF-8B32-997EEC3DFCBF}"
EndProject
Project("{FAE04EC0-301F-11D3-BF4B-00C04F79EFBC}") = "Greenspaces_Finder.Client", "Client\Greenspaces_Finder.Client.csproj", "{E0BD8802-21B7-4AA9-8DC7-BD3A97543B18}"
EndProject
Project("{FAE04EC0-301F-11D3-BF4B-00C04F79EFBC}") = "Greenspaces_Finder.Shared", "Shared\Greenspaces_Finder.Shared.csproj", "{3C59F0C1-E90D-409B-B6FB-8F1E3DB4009F}"
EndProject
Global
	GlobalSection(SolutionConfigurationPlatforms) = preSolution
		Debug|Any CPU = Debug|Any CPU
		Release|Any CPU = Release|Any CPU
	EndGlobalSection
	GlobalSection(ProjectConfigurationPlatforms) = postSolution
		{AD6AC6DC-1484-48EF-8B32-997EEC3DFCBF}.Debug|Any CPU.ActiveCfg = Debug|Any CPU
		{AD6AC6DC-1484-48EF-8B32-997EEC3DFCBF}.Debug|Any CPU.Build.0 = Debug|Any CPU
		{AD6AC6DC-1484-48EF-8B32-997EEC3DFCBF}.Release|Any CPU.ActiveCfg = Release|Any CPU
		{AD6AC6DC-1484-48EF-8B32-997EEC3DFCBF}.Release|Any CPU.Build.0 = Release|Any CPU
		{E0BD8802-21B7-4AA9-8DC7-BD3A97543B18}.Debug|Any CPU.ActiveCfg = Debug|Any CPU
		{E0BD8802-21B7-4AA9-8DC7-BD3A97543B18}.Debug|Any CPU.Build.0 = Debug|Any CPU
		{E0BD8802-21B7-4AA9-8DC7-BD3A97543B18}.Release|Any CPU.ActiveCfg = Release|Any CPU
		{E0BD8802-21B7-4AA9-8DC7-BD3A97543B18}.Release|Any CPU.Build.0 = Release|Any CPU
		{3C59F0C1-E90D-409B-B6FB-8F1E3DB4009F}.Debug|Any CPU.ActiveCfg = Debug|Any CPU
		{3C59F0C1-E90D-409B-B6FB-8F1E3DB4009F}.Debug|Any CPU.Build.0 = Debug|Any CPU
		{3C59F0C1-E90D-409B-B6FB-8F1E3DB4009F}.Release|Any CPU.ActiveCfg = Release|Any CPU
		{3C59F0C1-E90D-409B-B6FB-8F1E3DB4009F}.Release|Any CPU.Build.0 = Release|Any CPU
	EndGlobalSection
	GlobalSection(SolutionProperties) = preSolution
		HideSolutionNode = FALSE
	EndGlobalSection
	GlobalSection(ExtensibilityGlobals) = postSolution
		SolutionGuid = {44952800-0913-4C89-B7A5-DB7F94CBB5D9}
	EndGlobalSection
EndGlobal
